// !$*UTF8*$!
{
	archiveVersion = 1;
	classes = {
	};
	objectVersion = 46;
	objects = {

/* Begin PBXBuildFile section */
		83581FCF1CDE407400A60358 /* SPH_Controller.cpp in Sources */ = {isa = PBXBuildFile; fileRef = 83581FC81CDE407400A60358 /* SPH_Controller.cpp */; };
		83581FD01CDE407400A60358 /* sph_system.cpp in Sources */ = {isa = PBXBuildFile; fileRef = 83581FCC1CDE407400A60358 /* sph_system.cpp */; };
/* End PBXBuildFile section */

/* Begin PBXFileReference section */
		83581FA41CDE373400A60358 /* FluidUnityPlugin.bundle */ = {isa = PBXFileReference; explicitFileType = wrapper.cfbundle; includeInIndex = 0; path = FluidUnityPlugin.bundle; sourceTree = BUILT_PRODUCTS_DIR; };
		83581FA71CDE373400A60358 /* Info.plist */ = {isa = PBXFileReference; lastKnownFileType = text.plist.xml; path = Info.plist; sourceTree = "<group>"; };
		83581FC81CDE407400A60358 /* SPH_Controller.cpp */ = {isa = PBXFileReference; fileEncoding = 4; lastKnownFileType = sourcecode.cpp.cpp; name = SPH_Controller.cpp; path = Src/SPH_Controller.cpp; sourceTree = "<group>"; };
		83581FC91CDE407400A60358 /* SPH_Controller.h */ = {isa = PBXFileReference; fileEncoding = 4; lastKnownFileType = sourcecode.c.h; name = SPH_Controller.h; path = Src/SPH_Controller.h; sourceTree = "<group>"; };
		83581FCA1CDE407400A60358 /* sph_data.h */ = {isa = PBXFileReference; fileEncoding = 4; lastKnownFileType = sourcecode.c.h; name = sph_data.h; path = Src/sph_data.h; sourceTree = "<group>"; };
		83581FCB1CDE407400A60358 /* sph_header.h */ = {isa = PBXFileReference; fileEncoding = 4; lastKnownFileType = sourcecode.c.h; name = sph_header.h; path = Src/sph_header.h; sourceTree = "<group>"; };
		83581FCC1CDE407400A60358 /* sph_system.cpp */ = {isa = PBXFileReference; fileEncoding = 4; lastKnownFileType = sourcecode.cpp.cpp; name = sph_system.cpp; path = Src/sph_system.cpp; sourceTree = "<group>"; };
		83581FCD1CDE407400A60358 /* sph_system.h */ = {isa = PBXFileReference; fileEncoding = 4; lastKnownFileType = sourcecode.c.h; name = sph_system.h; path = Src/sph_system.h; sourceTree = "<group>"; };
		83581FCE1CDE407400A60358 /* sph_type.h */ = {isa = PBXFileReference; fileEncoding = 4; lastKnownFileType = sourcecode.c.h; name = sph_type.h; path = Src/sph_type.h; sourceTree = "<group>"; };
/* End PBXFileReference section */

/* Begin PBXFrameworksBuildPhase section */
		83581FA11CDE373400A60358 /* Frameworks */ = {
			isa = PBXFrameworksBuildPhase;
			buildActionMask = 2147483647;
			files = (
			);
			runOnlyForDeploymentPostprocessing = 0;
		};
/* End PBXFrameworksBuildPhase section */

/* Begin PBXGroup section */
		83581F9B1CDE373400A60358 = {
			isa = PBXGroup;
			children = (
				83581FA61CDE373400A60358 /* FluidUnityPlugin */,
				83581FA51CDE373400A60358 /* Products */,
				83581FC81CDE407400A60358 /* SPH_Controller.cpp */,
				83581FC91CDE407400A60358 /* SPH_Controller.h */,
				83581FCA1CDE407400A60358 /* sph_data.h */,
				83581FCB1CDE407400A60358 /* sph_header.h */,
				83581FCC1CDE407400A60358 /* sph_system.cpp */,
				83581FCD1CDE407400A60358 /* sph_system.h */,
				83581FCE1CDE407400A60358 /* sph_type.h */,
			);
			sourceTree = "<group>";
		};
		83581FA51CDE373400A60358 /* Products */ = {
			isa = PBXGroup;
			children = (
				83581FA41CDE373400A60358 /* FluidUnityPlugin.bundle */,
			);
			name = Products;
			sourceTree = "<group>";
		};
		83581FA61CDE373400A60358 /* FluidUnityPlugin */ = {
			isa = PBXGroup;
			children = (
				83581FA71CDE373400A60358 /* Info.plist */,
			);
			path = FluidUnityPlugin;
			sourceTree = "<group>";
		};
/* End PBXGroup section */

/* Begin PBXNativeTarget section */
		83581FA31CDE373400A60358 /* FluidUnityPlugin */ = {
			isa = PBXNativeTarget;
			buildConfigurationList = 83581FAA1CDE373400A60358 /* Build configuration list for PBXNativeTarget "FluidUnityPlugin" */;
			buildPhases = (
				83581FA01CDE373400A60358 /* Sources */,
				83581FA11CDE373400A60358 /* Frameworks */,
				83581FA21CDE373400A60358 /* Resources */,
			);
			buildRules = (
			);
			dependencies = (
			);
			name = FluidUnityPlugin;
			productName = FluidUnityPlugin;
			productReference = 83581FA41CDE373400A60358 /* FluidUnityPlugin.bundle */;
			productType = "com.apple.product-type.bundle";
		};
/* End PBXNativeTarget section */

/* Begin PBXProject section */
		83581F9C1CDE373400A60358 /* Project object */ = {
			isa = PBXProject;
			attributes = {
				LastUpgradeCheck = 0730;
				ORGANIZATIONNAME = "Chris Smith";
				TargetAttributes = {
					83581FA31CDE373400A60358 = {
						CreatedOnToolsVersion = 7.3.1;
					};
				};
			};
			buildConfigurationList = 83581F9F1CDE373400A60358 /* Build configuration list for PBXProject "FluidUnityPlugin" */;
			compatibilityVersion = "Xcode 3.2";
			developmentRegion = English;
			hasScannedForEncodings = 0;
			knownRegions = (
				en,
			);
			mainGroup = 83581F9B1CDE373400A60358;
			productRefGroup = 83581FA51CDE373400A60358 /* Products */;
			projectDirPath = "";
			projectRoot = "";
			targets = (
				83581FA31CDE373400A60358 /* FluidUnityPlugin */,
			);
		};
/* End PBXProject section */

/* Begin PBXResourcesBuildPhase section */
		83581FA21CDE373400A60358 /* Resources */ = {
			isa = PBXResourcesBuildPhase;
			buildActionMask = 2147483647;
			files = (
			);
			runOnlyForDeploymentPostprocessing = 0;
		};
/* End PBXResourcesBuildPhase section */

/* Begin PBXSourcesBuildPhase section */
		83581FA01CDE373400A60358 /* Sources */ = {
			isa = PBXSourcesBuildPhase;
			buildActionMask = 2147483647;
			files = (
				83581FD01CDE407400A60358 /* sph_system.cpp in Sources */,
				83581FCF1CDE407400A60358 /* SPH_Controller.cpp in Sources */,
			);
			runOnlyForDeploymentPostprocessing = 0;
		};
/* End PBXSourcesBuildPhase section */

/* Begin XCBuildConfiguration section */
		83581FA81CDE373400A60358 /* Debug */ = {
			isa = XCBuildConfiguration;
			buildSettings = {
				ALWAYS_SEARCH_USER_PATHS = NO;
				CLANG_ANALYZER_NONNULL = YES;
				CLANG_CXX_LANGUAGE_STANDARD = "gnu++0x";
				CLANG_CXX_LIBRARY = "libc++";
				CLANG_ENABLE_MODULES = YES;
				CLANG_ENABLE_OBJC_ARC = YES;
				CLANG_WARN_BOOL_CONVERSION = YES;
				CLANG_WARN_CONSTANT_CONVERSION = YES;
				CLANG_WARN_DIRECT_OBJC_ISA_USAGE = YES_ERROR;
				CLANG_WARN_EMPTY_BODY = YES;
				CLANG_WARN_ENUM_CONVERSION = YES;
				CLANG_WARN_INT_CONVERSION = YES;
				CLANG_WARN_OBJC_ROOT_CLASS = YES_ERROR;
				CLANG_WARN_UNREACHABLE_CODE = YES;
				CLANG_WARN__DUPLICATE_METHOD_MATCH = YES;
				CODE_SIGN_IDENTITY = "-";
				COPY_PHASE_STRIP = NO;
				DEBUG_INFORMATION_FORMAT = dwarf;
				ENABLE_STRICT_OBJC_MSGSEND = YES;
				ENABLE_TESTABILITY = YES;
				GCC_C_LANGUAGE_STANDARD = gnu99;
				GCC_DYNAMIC_NO_PIC = NO;
				GCC_NO_COMMON_BLOCKS = YES;
				GCC_OPTIMIZATION_LEVEL = 0;
				GCC_PREPROCESSOR_DEFINITIONS = (
					"DEBUG=1",
					"$(inherited)",
				);
				GCC_WARN_64_TO_32_BIT_CONVERSION = YES;
				GCC_WARN_ABOUT_RETURN_TYPE = YES_ERROR;
				GCC_WARN_UNDECLARED_SELECTOR = YES;
				GCC_WARN_UNINITIALIZED_AUTOS = YES_AGGRESSIVE;
				GCC_WARN_UNUSED_FUNCTION = YES;
				GCC_WARN_UNUSED_VARIABLE = YES;
				MACOSX_DEPLOYMENT_TARGET = 10.11;
				MTL_ENABLE_DEBUG_INFO = YES;
				ONLY_ACTIVE_ARCH = YES;
				SDKROOT = macosx;
			};
			name = Debug;
		};
		83581FA91CDE373400A60358 /* Release */ = {
			isa = XCBuildConfiguration;
			buildSettings = {
				ALWAYS_SEARCH_USER_PATHS = NO;
				CLANG_ANALYZER_NONNULL = YES;
				CLANG_CXX_LANGUAGE_STANDARD = "gnu++0x";
				CLANG_CXX_LIBRARY = "libc++";
				CLANG_ENABLE_MODULES = YES;
				CLANG_ENABLE_OBJC_ARC = YES;
				CLANG_WARN_BOOL_CONVERSION = YES;
				CLANG_WARN_CONSTANT_CONVERSION = YES;
				CLANG_WARN_DIRECT_OBJC_ISA_USAGE = YES_ERROR;
				CLANG_WARN_EMPTY_BODY = YES;
				CLANG_WARN_ENUM_CONVERSION = YES;
				CLANG_WARN_INT_CONVERSION = YES;
				CLANG_WARN_OBJC_ROOT_CLASS = YES_ERROR;
				CLANG_WARN_UNREACHABLE_CODE = YES;
				CLANG_WARN__DUPLICATE_METHOD_MATCH = YES;
				CODE_SIGN_IDENTITY = "-";
				COPY_PHASE_STRIP = NO;
				DEBUG_INFORMATION_FORMAT = "dwarf-with-dsym";
				ENABLE_NS_ASSERTIONS = NO;
				ENABLE_STRICT_OBJC_MSGSEND = YES;
				GCC_C_LANGUAGE_STANDARD = gnu99;
				GCC_NO_COMMON_BLOCKS = YES;
				GCC_WARN_64_TO_32_BIT_CONVERSION = YES;
				GCC_WARN_ABOUT_RETURN_TYPE = YES_ERROR;
				GCC_WARN_UNDECLARED_SELECTOR = YES;
				GCC_WARN_UNINITIALIZED_AUTOS = YES_AGGRESSIVE;
				GCC_WARN_UNUSED_FUNCTION = YES;
				GCC_WARN_UNUSED_VARIABLE = YES;
				MACOSX_DEPLOYMENT_TARGET = 10.11;
				MTL_ENABLE_DEBUG_INFO = NO;
				SDKROOT = macosx;
			};
			name = Release;
		};
		83581FAB1CDE373400A60358 /* Debug */ = {
			isa = XCBuildConfiguration;
			buildSettings = {
				COMBINE_HIDPI_IMAGES = YES;
				INFOPLIST_FILE = FluidUnityPlugin/Info.plist;
				INSTALL_PATH = "$(LOCAL_LIBRARY_DIR)/Bundles";
				PRODUCT_BUNDLE_IDENTIFIER = thetecheffect.FluidUnityPlugin;
				PRODUCT_NAME = "$(TARGET_NAME)";
				SKIP_INSTALL = YES;
				WRAPPER_EXTENSION = bundle;
			};
			name = Debug;
		};
		83581FAC1CDE373400A60358 /* Release */ = {
			isa = XCBuildConfiguration;
			buildSettings = {
				COMBINE_HIDPI_IMAGES = YES;
				INFOPLIST_FILE = FluidUnityPlugin/Info.plist;
				INSTALL_PATH = "$(LOCAL_LIBRARY_DIR)/Bundles";
				PRODUCT_BUNDLE_IDENTIFIER = thetecheffect.FluidUnityPlugin;
				PRODUCT_NAME = "$(TARGET_NAME)";
				SKIP_INSTALL = YES;
				WRAPPER_EXTENSION = bundle;
			};
			name = Release;
		};
/* End XCBuildConfiguration section */

/* Begin XCConfigurationList section */
		83581F9F1CDE373400A60358 /* Build configuration list for PBXProject "FluidUnityPlugin" */ = {
			isa = XCConfigurationList;
			buildConfigurations = (
				83581FA81CDE373400A60358 /* Debug */,
				83581FA91CDE373400A60358 /* Release */,
			);
			defaultConfigurationIsVisible = 0;
			defaultConfigurationName = Release;
		};
		83581FAA1CDE373400A60358 /* Build configuration list for PBXNativeTarget "FluidUnityPlugin" */ = {
			isa = XCConfigurationList;
			buildConfigurations = (
				83581FAB1CDE373400A60358 /* Debug */,
				83581FAC1CDE373400A60358 /* Release */,
			);
			defaultConfigurationIsVisible = 0;
			defaultConfigurationName = Release;
		};
/* End XCConfigurationList section */
	};
	rootObject = 83581F9C1CDE373400A60358 /* Project object */;
}
